
Microsoft Visual Studio Solution File, Format Version 12.00
# Visual Studio Version 17
VisualStudioVersion = 17.9.34723.18
MinimumVisualStudioVersion = 10.0.40219.1
Project("{FAE04EC0-301F-11D3-BF4B-00C04F79EFBC}") = "TodoApi", "TodoApi\TodoApi.csproj", "{6FFA213E-89BC-497A-B2F5-863DFCCA3FBF}"
EndProject
Global
	GlobalSection(SolutionConfigurationPlatforms) = preSolution
		Debug|Any CPU = Debug|Any CPU
		Release|Any CPU = Release|Any CPU
	EndGlobalSection
	GlobalSection(ProjectConfigurationPlatforms) = postSolution
		{6FFA213E-89BC-497A-B2F5-863DFCCA3FBF}.Debug|Any CPU.ActiveCfg = Debug|Any CPU
		{6FFA213E-89BC-497A-B2F5-863DFCCA3FBF}.Debug|Any CPU.Build.0 = Debug|Any CPU
		{6FFA213E-89BC-497A-B2F5-863DFCCA3FBF}.Release|Any CPU.ActiveCfg = Release|Any CPU
		{6FFA213E-89BC-497A-B2F5-863DFCCA3FBF}.Release|Any CPU.Build.0 = Release|Any CPU
	EndGlobalSection
	GlobalSection(SolutionProperties) = preSolution
		HideSolutionNode = FALSE
	EndGlobalSection
	GlobalSection(ExtensibilityGlobals) = postSolution
		SolutionGuid = {94DEF68A-ED6C-4462-9597-91C7FB1B1EE8}
	EndGlobalSection
EndGlobal
